// !$*UTF8*$!
{
	archiveVersion = 1;
	classes = {
	};
	objectVersion = 46;
	objects = {

/* Begin PBXBuildFile section */
		1D689C611C440B390044B0B8 /* CollectionViewController.swift in Sources */ = {isa = PBXBuildFile; fileRef = 1D689C601C440B390044B0B8 /* CollectionViewController.swift */; };
		1D766DD31C3EC17400CFAD3D /* AppDelegate.swift in Sources */ = {isa = PBXBuildFile; fileRef = 1D766DD21C3EC17400CFAD3D /* AppDelegate.swift */; };
		1D766DD51C3EC17400CFAD3D /* FirstViewController.swift in Sources */ = {isa = PBXBuildFile; fileRef = 1D766DD41C3EC17400CFAD3D /* FirstViewController.swift */; };
		1D766DDC1C3EC17400CFAD3D /* Assets.xcassets in Resources */ = {isa = PBXBuildFile; fileRef = 1D766DDB1C3EC17400CFAD3D /* Assets.xcassets */; };
		1D766DDF1C3EC17400CFAD3D /* LaunchScreen.storyboard in Resources */ = {isa = PBXBuildFile; fileRef = 1D766DDD1C3EC17400CFAD3D /* LaunchScreen.storyboard */; };
		1D766DEA1C3EC17400CFAD3D /* WrabbleTests.swift in Sources */ = {isa = PBXBuildFile; fileRef = 1D766DE91C3EC17400CFAD3D /* WrabbleTests.swift */; };
		1D766DF51C3EC17400CFAD3D /* WrabbleUITests.swift in Sources */ = {isa = PBXBuildFile; fileRef = 1D766DF41C3EC17400CFAD3D /* WrabbleUITests.swift */; };
		4F500CF48BAC4453DDED6C0F /* Pods_Wrabble.framework in Frameworks */ = {isa = PBXBuildFile; fileRef = B741A84895C44FAA18A8F868 /* Pods_Wrabble.framework */; };
		9C3C9F9B1C3FED47002CDB3C /* LoginViewController.swift in Sources */ = {isa = PBXBuildFile; fileRef = 9C3C9F991C3FED47002CDB3C /* LoginViewController.swift */; };
		9C3C9F9C1C3FED47002CDB3C /* LoginViewController.xib in Resources */ = {isa = PBXBuildFile; fileRef = 9C3C9F9A1C3FED47002CDB3C /* LoginViewController.xib */; };
		9C3C9F9E1C3FEDCD002CDB3C /* Keys.plist in Resources */ = {isa = PBXBuildFile; fileRef = 9C3C9F9D1C3FEDCD002CDB3C /* Keys.plist */; };
		9C3C9FA01C3FEDEB002CDB3C /* Keys.plist in Resources */ = {isa = PBXBuildFile; fileRef = 9C3C9F9F1C3FEDEB002CDB3C /* Keys.plist */; };
		9C3C9FA51C400492002CDB3C /* SignupViewController.swift in Sources */ = {isa = PBXBuildFile; fileRef = 9C3C9FA31C400492002CDB3C /* SignupViewController.swift */; };
		9C3C9FA61C400492002CDB3C /* SignupViewController.xib in Resources */ = {isa = PBXBuildFile; fileRef = 9C3C9FA41C400492002CDB3C /* SignupViewController.xib */; };
		9C5AEAFE1C493130006D3A9F /* FollowersVC.swift in Sources */ = {isa = PBXBuildFile; fileRef = 9C5AEAFD1C493130006D3A9F /* FollowersVC.swift */; };
		FD2BFBFB1C44135E0036EB9B /* UserViewController.swift in Sources */ = {isa = PBXBuildFile; fileRef = FD2BFBF91C44135E0036EB9B /* UserViewController.swift */; };
		FD2BFBFE1C4419B80036EB9B /* Header.xib in Resources */ = {isa = PBXBuildFile; fileRef = FD2BFBFD1C4419B80036EB9B /* Header.xib */; };
		FD4504001C43CC1A00671501 /* FirstViewController.xib in Resources */ = {isa = PBXBuildFile; fileRef = FD4503F91C43CC1A00671501 /* FirstViewController.xib */; };
		FD4504011C43CC1A00671501 /* KYCircularProgress.swift in Sources */ = {isa = PBXBuildFile; fileRef = FD4503FA1C43CC1A00671501 /* KYCircularProgress.swift */; };
		FD4504021C43CC1A00671501 /* TableViewCell.swift in Sources */ = {isa = PBXBuildFile; fileRef = FD4503FB1C43CC1A00671501 /* TableViewCell.swift */; };
		FD4504031C43CC1A00671501 /* TableViewCell.xib in Resources */ = {isa = PBXBuildFile; fileRef = FD4503FC1C43CC1A00671501 /* TableViewCell.xib */; };
		FD4504041C43CC1A00671501 /* TableViewController.swift in Sources */ = {isa = PBXBuildFile; fileRef = FD4503FD1C43CC1A00671501 /* TableViewController.swift */; };
		FD4504061C43CC1A00671501 /* Test.xib in Resources */ = {isa = PBXBuildFile; fileRef = FD4503FF1C43CC1A00671501 /* Test.xib */; };
		FD71F8AD1C46B277004BCD67 /* TabViewController.swift in Sources */ = {isa = PBXBuildFile; fileRef = FD71F8AB1C46B277004BCD67 /* TabViewController.swift */; };
		FD71F8AE1C46B277004BCD67 /* TabViewController.xib in Resources */ = {isa = PBXBuildFile; fileRef = FD71F8AC1C46B277004BCD67 /* TabViewController.xib */; };
		FD71F8B61C47B46B004BCD67 /* KeepPressed.xib in Resources */ = {isa = PBXBuildFile; fileRef = FD71F8B51C47B46B004BCD67 /* KeepPressed.xib */; };
		FD71F8B81C47CE2F004BCD67 /* Recorder.swift in Sources */ = {isa = PBXBuildFile; fileRef = FD71F8B71C47CE2F004BCD67 /* Recorder.swift */; };
		FD71F8BE1C4822CE004BCD67 /* MenuView.xib in Resources */ = {isa = PBXBuildFile; fileRef = FD71F8BD1C4822CE004BCD67 /* MenuView.xib */; };
		FD71F8C51C485496004BCD67 /* CollectionViewCell.swift in Sources */ = {isa = PBXBuildFile; fileRef = FD71F8C31C485496004BCD67 /* CollectionViewCell.swift */; };
		FD71F8C61C485496004BCD67 /* CollectionViewCell.xib in Resources */ = {isa = PBXBuildFile; fileRef = FD71F8C41C485496004BCD67 /* CollectionViewCell.xib */; };
		FD71F8C81C494B9A004BCD67 /* PeopleViewController.swift in Sources */ = {isa = PBXBuildFile; fileRef = FD71F8C71C494B9A004BCD67 /* PeopleViewController.swift */; };
		FD71F8FF1C49BEC9004BCD67 /* AllPeopleViewController.swift in Sources */ = {isa = PBXBuildFile; fileRef = FD71F8FE1C49BEC9004BCD67 /* AllPeopleViewController.swift */; };
		FDA55BC81C45669300C9BE74 /* SpinLoading.swift in Sources */ = {isa = PBXBuildFile; fileRef = FDA55BC71C45669300C9BE74 /* SpinLoading.swift */; };
/* End PBXBuildFile section */

/* Begin PBXContainerItemProxy section */
		1D766DE61C3EC17400CFAD3D /* PBXContainerItemProxy */ = {
			isa = PBXContainerItemProxy;
			containerPortal = 1D766DC71C3EC17400CFAD3D /* Project object */;
			proxyType = 1;
			remoteGlobalIDString = 1D766DCE1C3EC17400CFAD3D;
			remoteInfo = Wrabble;
		};
		1D766DF11C3EC17400CFAD3D /* PBXContainerItemProxy */ = {
			isa = PBXContainerItemProxy;
			containerPortal = 1D766DC71C3EC17400CFAD3D /* Project object */;
			proxyType = 1;
			remoteGlobalIDString = 1D766DCE1C3EC17400CFAD3D;
			remoteInfo = Wrabble;
		};
/* End PBXContainerItemProxy section */

/* Begin PBXFileReference section */
		1D689C601C440B390044B0B8 /* CollectionViewController.swift */ = {isa = PBXFileReference; fileEncoding = 4; lastKnownFileType = sourcecode.swift; path = CollectionViewController.swift; sourceTree = "<group>"; };
		1D7142971C3FAC9D0002FF65 /* Wrabble-Bridging-Header.h */ = {isa = PBXFileReference; lastKnownFileType = sourcecode.c.h; path = "Wrabble-Bridging-Header.h"; sourceTree = "<group>"; };
		1D766DCF1C3EC17400CFAD3D /* Wrabble.app */ = {isa = PBXFileReference; explicitFileType = wrapper.application; includeInIndex = 0; path = Wrabble.app; sourceTree = BUILT_PRODUCTS_DIR; };
		1D766DD21C3EC17400CFAD3D /* AppDelegate.swift */ = {isa = PBXFileReference; lastKnownFileType = sourcecode.swift; path = AppDelegate.swift; sourceTree = "<group>"; };
		1D766DD41C3EC17400CFAD3D /* FirstViewController.swift */ = {isa = PBXFileReference; lastKnownFileType = sourcecode.swift; path = FirstViewController.swift; sourceTree = "<group>"; };
		1D766DDB1C3EC17400CFAD3D /* Assets.xcassets */ = {isa = PBXFileReference; lastKnownFileType = folder.assetcatalog; path = Assets.xcassets; sourceTree = "<group>"; };
		1D766DDE1C3EC17400CFAD3D /* Base */ = {isa = PBXFileReference; lastKnownFileType = file.storyboard; name = Base; path = Base.lproj/LaunchScreen.storyboard; sourceTree = "<group>"; };
		1D766DE01C3EC17400CFAD3D /* Info.plist */ = {isa = PBXFileReference; lastKnownFileType = text.plist.xml; path = Info.plist; sourceTree = "<group>"; };
		1D766DE51C3EC17400CFAD3D /* WrabbleTests.xctest */ = {isa = PBXFileReference; explicitFileType = wrapper.cfbundle; includeInIndex = 0; path = WrabbleTests.xctest; sourceTree = BUILT_PRODUCTS_DIR; };
		1D766DE91C3EC17400CFAD3D /* WrabbleTests.swift */ = {isa = PBXFileReference; lastKnownFileType = sourcecode.swift; path = WrabbleTests.swift; sourceTree = "<group>"; };
		1D766DEB1C3EC17400CFAD3D /* Info.plist */ = {isa = PBXFileReference; lastKnownFileType = text.plist.xml; path = Info.plist; sourceTree = "<group>"; };
		1D766DF01C3EC17400CFAD3D /* WrabbleUITests.xctest */ = {isa = PBXFileReference; explicitFileType = wrapper.cfbundle; includeInIndex = 0; path = WrabbleUITests.xctest; sourceTree = BUILT_PRODUCTS_DIR; };
		1D766DF41C3EC17400CFAD3D /* WrabbleUITests.swift */ = {isa = PBXFileReference; lastKnownFileType = sourcecode.swift; path = WrabbleUITests.swift; sourceTree = "<group>"; };
		1D766DF61C3EC17400CFAD3D /* Info.plist */ = {isa = PBXFileReference; lastKnownFileType = text.plist.xml; path = Info.plist; sourceTree = "<group>"; };
		664B52BAB258DF84DD97304D /* Pods-Wrabble.debug.xcconfig */ = {isa = PBXFileReference; includeInIndex = 1; lastKnownFileType = text.xcconfig; name = "Pods-Wrabble.debug.xcconfig"; path = "Pods/Target Support Files/Pods-Wrabble/Pods-Wrabble.debug.xcconfig"; sourceTree = "<group>"; };
		67467AF47E3788DDF38312E2 /* Pods-Wrabble.release.xcconfig */ = {isa = PBXFileReference; includeInIndex = 1; lastKnownFileType = text.xcconfig; name = "Pods-Wrabble.release.xcconfig"; path = "Pods/Target Support Files/Pods-Wrabble/Pods-Wrabble.release.xcconfig"; sourceTree = "<group>"; };
		9C3C9F991C3FED47002CDB3C /* LoginViewController.swift */ = {isa = PBXFileReference; fileEncoding = 4; lastKnownFileType = sourcecode.swift; path = LoginViewController.swift; sourceTree = "<group>"; };
		9C3C9F9A1C3FED47002CDB3C /* LoginViewController.xib */ = {isa = PBXFileReference; fileEncoding = 4; lastKnownFileType = file.xib; path = LoginViewController.xib; sourceTree = "<group>"; };
		9C3C9F9D1C3FEDCD002CDB3C /* Keys.plist */ = {isa = PBXFileReference; fileEncoding = 4; lastKnownFileType = text.plist.xml; path = Keys.plist; sourceTree = "<group>"; };
		9C3C9F9F1C3FEDEB002CDB3C /* Keys.plist */ = {isa = PBXFileReference; fileEncoding = 4; lastKnownFileType = text.plist.xml; path = Keys.plist; sourceTree = "<group>"; };
		9C3C9FA31C400492002CDB3C /* SignupViewController.swift */ = {isa = PBXFileReference; fileEncoding = 4; lastKnownFileType = sourcecode.swift; path = SignupViewController.swift; sourceTree = "<group>"; };
		9C3C9FA41C400492002CDB3C /* SignupViewController.xib */ = {isa = PBXFileReference; fileEncoding = 4; lastKnownFileType = file.xib; path = SignupViewController.xib; sourceTree = "<group>"; };
		9C5AEAFD1C493130006D3A9F /* FollowersVC.swift */ = {isa = PBXFileReference; fileEncoding = 4; lastKnownFileType = sourcecode.swift; path = FollowersVC.swift; sourceTree = "<group>"; };
		B741A84895C44FAA18A8F868 /* Pods_Wrabble.framework */ = {isa = PBXFileReference; explicitFileType = wrapper.framework; includeInIndex = 0; path = Pods_Wrabble.framework; sourceTree = BUILT_PRODUCTS_DIR; };
		FD2BFBF91C44135E0036EB9B /* UserViewController.swift */ = {isa = PBXFileReference; fileEncoding = 4; lastKnownFileType = sourcecode.swift; path = UserViewController.swift; sourceTree = "<group>"; };
		FD2BFBFD1C4419B80036EB9B /* Header.xib */ = {isa = PBXFileReference; fileEncoding = 4; lastKnownFileType = file.xib; path = Header.xib; sourceTree = "<group>"; };
		FD4503F91C43CC1A00671501 /* FirstViewController.xib */ = {isa = PBXFileReference; fileEncoding = 4; lastKnownFileType = file.xib; path = FirstViewController.xib; sourceTree = "<group>"; };
		FD4503FA1C43CC1A00671501 /* KYCircularProgress.swift */ = {isa = PBXFileReference; fileEncoding = 4; lastKnownFileType = sourcecode.swift; path = KYCircularProgress.swift; sourceTree = "<group>"; };
		FD4503FB1C43CC1A00671501 /* TableViewCell.swift */ = {isa = PBXFileReference; fileEncoding = 4; lastKnownFileType = sourcecode.swift; path = TableViewCell.swift; sourceTree = "<group>"; };
		FD4503FC1C43CC1A00671501 /* TableViewCell.xib */ = {isa = PBXFileReference; fileEncoding = 4; lastKnownFileType = file.xib; path = TableViewCell.xib; sourceTree = "<group>"; };
		FD4503FD1C43CC1A00671501 /* TableViewController.swift */ = {isa = PBXFileReference; fileEncoding = 4; lastKnownFileType = sourcecode.swift; path = TableViewController.swift; sourceTree = "<group>"; };
		FD4503FF1C43CC1A00671501 /* Test.xib */ = {isa = PBXFileReference; fileEncoding = 4; lastKnownFileType = file.xib; path = Test.xib; sourceTree = "<group>"; };
		FD71F8AB1C46B277004BCD67 /* TabViewController.swift */ = {isa = PBXFileReference; fileEncoding = 4; lastKnownFileType = sourcecode.swift; path = TabViewController.swift; sourceTree = "<group>"; };
		FD71F8AC1C46B277004BCD67 /* TabViewController.xib */ = {isa = PBXFileReference; fileEncoding = 4; lastKnownFileType = file.xib; path = TabViewController.xib; sourceTree = "<group>"; };
		FD71F8B51C47B46B004BCD67 /* KeepPressed.xib */ = {isa = PBXFileReference; fileEncoding = 4; lastKnownFileType = file.xib; path = KeepPressed.xib; sourceTree = "<group>"; };
		FD71F8B71C47CE2F004BCD67 /* Recorder.swift */ = {isa = PBXFileReference; fileEncoding = 4; lastKnownFileType = sourcecode.swift; path = Recorder.swift; sourceTree = "<group>"; };
		FD71F8BD1C4822CE004BCD67 /* MenuView.xib */ = {isa = PBXFileReference; fileEncoding = 4; lastKnownFileType = file.xib; path = MenuView.xib; sourceTree = "<group>"; };
		FD71F8C31C485496004BCD67 /* CollectionViewCell.swift */ = {isa = PBXFileReference; fileEncoding = 4; lastKnownFileType = sourcecode.swift; path = CollectionViewCell.swift; sourceTree = "<group>"; };
		FD71F8C41C485496004BCD67 /* CollectionViewCell.xib */ = {isa = PBXFileReference; fileEncoding = 4; lastKnownFileType = file.xib; path = CollectionViewCell.xib; sourceTree = "<group>"; };
		FD71F8C71C494B9A004BCD67 /* PeopleViewController.swift */ = {isa = PBXFileReference; fileEncoding = 4; lastKnownFileType = sourcecode.swift; path = PeopleViewController.swift; sourceTree = "<group>"; };
		FD71F8FE1C49BEC9004BCD67 /* AllPeopleViewController.swift */ = {isa = PBXFileReference; fileEncoding = 4; lastKnownFileType = sourcecode.swift; path = AllPeopleViewController.swift; sourceTree = "<group>"; };
		FDA55BC71C45669300C9BE74 /* SpinLoading.swift */ = {isa = PBXFileReference; fileEncoding = 4; lastKnownFileType = sourcecode.swift; path = SpinLoading.swift; sourceTree = "<group>"; };
/* End PBXFileReference section */

/* Begin PBXFrameworksBuildPhase section */
		1D766DCC1C3EC17400CFAD3D /* Frameworks */ = {
			isa = PBXFrameworksBuildPhase;
			buildActionMask = 2147483647;
			files = (
				4F500CF48BAC4453DDED6C0F /* Pods_Wrabble.framework in Frameworks */,
			);
			runOnlyForDeploymentPostprocessing = 0;
		};
		1D766DE21C3EC17400CFAD3D /* Frameworks */ = {
			isa = PBXFrameworksBuildPhase;
			buildActionMask = 2147483647;
			files = (
			);
			runOnlyForDeploymentPostprocessing = 0;
		};
		1D766DED1C3EC17400CFAD3D /* Frameworks */ = {
			isa = PBXFrameworksBuildPhase;
			buildActionMask = 2147483647;
			files = (
			);
			runOnlyForDeploymentPostprocessing = 0;
		};
/* End PBXFrameworksBuildPhase section */

/* Begin PBXGroup section */
		1D766DC61C3EC17400CFAD3D = {
			isa = PBXGroup;
			children = (
				1D766DD11C3EC17400CFAD3D /* Wrabble */,
				1D766DE81C3EC17400CFAD3D /* WrabbleTests */,
				1D766DF31C3EC17400CFAD3D /* WrabbleUITests */,
				1D766DD01C3EC17400CFAD3D /* Products */,
				F07D2A006996F30F49767F04 /* Pods */,
				32319A677FC11C4C8A3E4BB8 /* Frameworks */,
			);
			sourceTree = "<group>";
		};
		1D766DD01C3EC17400CFAD3D /* Products */ = {
			isa = PBXGroup;
			children = (
				1D766DCF1C3EC17400CFAD3D /* Wrabble.app */,
				1D766DE51C3EC17400CFAD3D /* WrabbleTests.xctest */,
				1D766DF01C3EC17400CFAD3D /* WrabbleUITests.xctest */,
			);
			name = Products;
			sourceTree = "<group>";
		};
		1D766DD11C3EC17400CFAD3D /* Wrabble */ = {
			isa = PBXGroup;
			children = (
				1D766DD21C3EC17400CFAD3D /* AppDelegate.swift */,
				FD71F8AB1C46B277004BCD67 /* TabViewController.swift */,
				FD71F8AC1C46B277004BCD67 /* TabViewController.xib */,
				FD71F8B71C47CE2F004BCD67 /* Recorder.swift */,
				FD71F8B51C47B46B004BCD67 /* KeepPressed.xib */,
				FD4503FA1C43CC1A00671501 /* KYCircularProgress.swift */,
				FD4503FB1C43CC1A00671501 /* TableViewCell.swift */,
				FD4503FC1C43CC1A00671501 /* TableViewCell.xib */,
				FD4503FD1C43CC1A00671501 /* TableViewController.swift */,
				FD71F8C71C494B9A004BCD67 /* PeopleViewController.swift */,
				FD2BFBF91C44135E0036EB9B /* UserViewController.swift */,
				FD2BFBFD1C4419B80036EB9B /* Header.xib */,
				FDA55BC71C45669300C9BE74 /* SpinLoading.swift */,
				FD4503FF1C43CC1A00671501 /* Test.xib */,
				FD71F8BD1C4822CE004BCD67 /* MenuView.xib */,
				1D689C601C440B390044B0B8 /* CollectionViewController.swift */,
				9C5AEAFD1C493130006D3A9F /* FollowersVC.swift */,
				FD71F8FE1C49BEC9004BCD67 /* AllPeopleViewController.swift */,
				1D766DD41C3EC17400CFAD3D /* FirstViewController.swift */,
				FD4503F91C43CC1A00671501 /* FirstViewController.xib */,
				FD71F8C31C485496004BCD67 /* CollectionViewCell.swift */,
				FD71F8C41C485496004BCD67 /* CollectionViewCell.xib */,
				9C3C9FA31C400492002CDB3C /* SignupViewController.swift */,
				9C3C9FA41C400492002CDB3C /* SignupViewController.xib */,
				9C3C9F991C3FED47002CDB3C /* LoginViewController.swift */,
				9C3C9F9A1C3FED47002CDB3C /* LoginViewController.xib */,
				1D766DDB1C3EC17400CFAD3D /* Assets.xcassets */,
				1D766DDD1C3EC17400CFAD3D /* LaunchScreen.storyboard */,
				1D766DE01C3EC17400CFAD3D /* Info.plist */,
				9C3C9F9D1C3FEDCD002CDB3C /* Keys.plist */,
				9C3C9F9F1C3FEDEB002CDB3C /* Keys.plist */,
				1D7142971C3FAC9D0002FF65 /* Wrabble-Bridging-Header.h */,
			);
			path = Wrabble;
			sourceTree = "<group>";
		};
		1D766DE81C3EC17400CFAD3D /* WrabbleTests */ = {
			isa = PBXGroup;
			children = (
				1D766DE91C3EC17400CFAD3D /* WrabbleTests.swift */,
				1D766DEB1C3EC17400CFAD3D /* Info.plist */,
			);
			path = WrabbleTests;
			sourceTree = "<group>";
		};
		1D766DF31C3EC17400CFAD3D /* WrabbleUITests */ = {
			isa = PBXGroup;
			children = (
				1D766DF41C3EC17400CFAD3D /* WrabbleUITests.swift */,
				1D766DF61C3EC17400CFAD3D /* Info.plist */,
			);
			path = WrabbleUITests;
			sourceTree = "<group>";
		};
		32319A677FC11C4C8A3E4BB8 /* Frameworks */ = {
			isa = PBXGroup;
			children = (
				B741A84895C44FAA18A8F868 /* Pods_Wrabble.framework */,
			);
			name = Frameworks;
			sourceTree = "<group>";
		};
		F07D2A006996F30F49767F04 /* Pods */ = {
			isa = PBXGroup;
			children = (
				664B52BAB258DF84DD97304D /* Pods-Wrabble.debug.xcconfig */,
				67467AF47E3788DDF38312E2 /* Pods-Wrabble.release.xcconfig */,
			);
			name = Pods;
			sourceTree = "<group>";
		};
/* End PBXGroup section */

/* Begin PBXNativeTarget section */
		1D766DCE1C3EC17400CFAD3D /* Wrabble */ = {
			isa = PBXNativeTarget;
			buildConfigurationList = 1D766DF91C3EC17400CFAD3D /* Build configuration list for PBXNativeTarget "Wrabble" */;
			buildPhases = (
				ED760484A2DD5C08562A5F2A /* Check Pods Manifest.lock */,
				1D766DCB1C3EC17400CFAD3D /* Sources */,
				1D766DCC1C3EC17400CFAD3D /* Frameworks */,
				1D766DCD1C3EC17400CFAD3D /* Resources */,
				1368ABADDA598CDC247A3A24 /* Embed Pods Frameworks */,
				53A4D9DA41161F8162A4C5DB /* Copy Pods Resources */,
			);
			buildRules = (
			);
			dependencies = (
			);
			name = Wrabble;
			productName = Wrabble;
			productReference = 1D766DCF1C3EC17400CFAD3D /* Wrabble.app */;
			productType = "com.apple.product-type.application";
		};
		1D766DE41C3EC17400CFAD3D /* WrabbleTests */ = {
			isa = PBXNativeTarget;
			buildConfigurationList = 1D766DFC1C3EC17400CFAD3D /* Build configuration list for PBXNativeTarget "WrabbleTests" */;
			buildPhases = (
				1D766DE11C3EC17400CFAD3D /* Sources */,
				1D766DE21C3EC17400CFAD3D /* Frameworks */,
				1D766DE31C3EC17400CFAD3D /* Resources */,
			);
			buildRules = (
			);
			dependencies = (
				1D766DE71C3EC17400CFAD3D /* PBXTargetDependency */,
			);
			name = WrabbleTests;
			productName = WrabbleTests;
			productReference = 1D766DE51C3EC17400CFAD3D /* WrabbleTests.xctest */;
			productType = "com.apple.product-type.bundle.unit-test";
		};
		1D766DEF1C3EC17400CFAD3D /* WrabbleUITests */ = {
			isa = PBXNativeTarget;
			buildConfigurationList = 1D766DFF1C3EC17400CFAD3D /* Build configuration list for PBXNativeTarget "WrabbleUITests" */;
			buildPhases = (
				1D766DEC1C3EC17400CFAD3D /* Sources */,
				1D766DED1C3EC17400CFAD3D /* Frameworks */,
				1D766DEE1C3EC17400CFAD3D /* Resources */,
			);
			buildRules = (
			);
			dependencies = (
				1D766DF21C3EC17400CFAD3D /* PBXTargetDependency */,
			);
			name = WrabbleUITests;
			productName = WrabbleUITests;
			productReference = 1D766DF01C3EC17400CFAD3D /* WrabbleUITests.xctest */;
			productType = "com.apple.product-type.bundle.ui-testing";
		};
/* End PBXNativeTarget section */

/* Begin PBXProject section */
		1D766DC71C3EC17400CFAD3D /* Project object */ = {
			isa = PBXProject;
			attributes = {
				LastSwiftUpdateCheck = 0720;
				LastUpgradeCheck = 0720;
				ORGANIZATIONNAME = Wrabble;
				TargetAttributes = {
					1D766DCE1C3EC17400CFAD3D = {
						CreatedOnToolsVersion = 7.2;
					};
					1D766DE41C3EC17400CFAD3D = {
						CreatedOnToolsVersion = 7.2;
						TestTargetID = 1D766DCE1C3EC17400CFAD3D;
					};
					1D766DEF1C3EC17400CFAD3D = {
						CreatedOnToolsVersion = 7.2;
						TestTargetID = 1D766DCE1C3EC17400CFAD3D;
					};
				};
			};
			buildConfigurationList = 1D766DCA1C3EC17400CFAD3D /* Build configuration list for PBXProject "Wrabble" */;
			compatibilityVersion = "Xcode 3.2";
			developmentRegion = English;
			hasScannedForEncodings = 0;
			knownRegions = (
				en,
				Base,
			);
			mainGroup = 1D766DC61C3EC17400CFAD3D;
			productRefGroup = 1D766DD01C3EC17400CFAD3D /* Products */;
			projectDirPath = "";
			projectRoot = "";
			targets = (
				1D766DCE1C3EC17400CFAD3D /* Wrabble */,
				1D766DE41C3EC17400CFAD3D /* WrabbleTests */,
				1D766DEF1C3EC17400CFAD3D /* WrabbleUITests */,
			);
		};
/* End PBXProject section */

/* Begin PBXResourcesBuildPhase section */
		1D766DCD1C3EC17400CFAD3D /* Resources */ = {
			isa = PBXResourcesBuildPhase;
			buildActionMask = 2147483647;
			files = (
				9C3C9FA61C400492002CDB3C /* SignupViewController.xib in Resources */,
				9C3C9FA01C3FEDEB002CDB3C /* Keys.plist in Resources */,
				9C3C9F9E1C3FEDCD002CDB3C /* Keys.plist in Resources */,
				9C3C9F9C1C3FED47002CDB3C /* LoginViewController.xib in Resources */,
				FD4504061C43CC1A00671501 /* Test.xib in Resources */,
				FD71F8BE1C4822CE004BCD67 /* MenuView.xib in Resources */,
				FD71F8AE1C46B277004BCD67 /* TabViewController.xib in Resources */,
				1D766DDF1C3EC17400CFAD3D /* LaunchScreen.storyboard in Resources */,
				FD2BFBFE1C4419B80036EB9B /* Header.xib in Resources */,
				FD4504031C43CC1A00671501 /* TableViewCell.xib in Resources */,
				FD4504001C43CC1A00671501 /* FirstViewController.xib in Resources */,
				1D766DDC1C3EC17400CFAD3D /* Assets.xcassets in Resources */,
				FD71F8B61C47B46B004BCD67 /* KeepPressed.xib in Resources */,
				FD71F8C61C485496004BCD67 /* CollectionViewCell.xib in Resources */,
			);
			runOnlyForDeploymentPostprocessing = 0;
		};
		1D766DE31C3EC17400CFAD3D /* Resources */ = {
			isa = PBXResourcesBuildPhase;
			buildActionMask = 2147483647;
			files = (
			);
			runOnlyForDeploymentPostprocessing = 0;
		};
		1D766DEE1C3EC17400CFAD3D /* Resources */ = {
			isa = PBXResourcesBuildPhase;
			buildActionMask = 2147483647;
			files = (
			);
			runOnlyForDeploymentPostprocessing = 0;
		};
/* End PBXResourcesBuildPhase section */

/* Begin PBXShellScriptBuildPhase section */
		1368ABADDA598CDC247A3A24 /* Embed Pods Frameworks */ = {
			isa = PBXShellScriptBuildPhase;
			buildActionMask = 2147483647;
			files = (
			);
			inputPaths = (
			);
			name = "Embed Pods Frameworks";
			outputPaths = (
			);
			runOnlyForDeploymentPostprocessing = 0;
			shellPath = /bin/sh;
			shellScript = "\"${SRCROOT}/Pods/Target Support Files/Pods-Wrabble/Pods-Wrabble-frameworks.sh\"\n";
			showEnvVarsInLog = 0;
		};
		53A4D9DA41161F8162A4C5DB /* Copy Pods Resources */ = {
			isa = PBXShellScriptBuildPhase;
			buildActionMask = 2147483647;
			files = (
			);
			inputPaths = (
			);
			name = "Copy Pods Resources";
			outputPaths = (
			);
			runOnlyForDeploymentPostprocessing = 0;
			shellPath = /bin/sh;
			shellScript = "\"${SRCROOT}/Pods/Target Support Files/Pods-Wrabble/Pods-Wrabble-resources.sh\"\n";
			showEnvVarsInLog = 0;
		};
		ED760484A2DD5C08562A5F2A /* Check Pods Manifest.lock */ = {
			isa = PBXShellScriptBuildPhase;
			buildActionMask = 2147483647;
			files = (
			);
			inputPaths = (
			);
			name = "Check Pods Manifest.lock";
			outputPaths = (
			);
			runOnlyForDeploymentPostprocessing = 0;
			shellPath = /bin/sh;
			shellScript = "diff \"${PODS_ROOT}/../Podfile.lock\" \"${PODS_ROOT}/Manifest.lock\" > /dev/null\nif [[ $? != 0 ]] ; then\n    cat << EOM\nerror: The sandbox is not in sync with the Podfile.lock. Run 'pod install' or update your CocoaPods installation.\nEOM\n    exit 1\nfi\n";
			showEnvVarsInLog = 0;
		};
/* End PBXShellScriptBuildPhase section */

/* Begin PBXSourcesBuildPhase section */
		1D766DCB1C3EC17400CFAD3D /* Sources */ = {
			isa = PBXSourcesBuildPhase;
			buildActionMask = 2147483647;
			files = (
				9C3C9F9B1C3FED47002CDB3C /* LoginViewController.swift in Sources */,
				FD71F8C81C494B9A004BCD67 /* PeopleViewController.swift in Sources */,
				9C3C9FA51C400492002CDB3C /* SignupViewController.swift in Sources */,
				9C5AEAFE1C493130006D3A9F /* FollowersVC.swift in Sources */,
				FD2BFBFB1C44135E0036EB9B /* UserViewController.swift in Sources */,
				FD71F8FF1C49BEC9004BCD67 /* AllPeopleViewController.swift in Sources */,
				FD4504041C43CC1A00671501 /* TableViewController.swift in Sources */,
				1D689C611C440B390044B0B8 /* CollectionViewController.swift in Sources */,
				FD71F8B81C47CE2F004BCD67 /* Recorder.swift in Sources */,
				FD4504011C43CC1A00671501 /* KYCircularProgress.swift in Sources */,
				1D766DD31C3EC17400CFAD3D /* AppDelegate.swift in Sources */,
				FD71F8C51C485496004BCD67 /* CollectionViewCell.swift in Sources */,
				FD4504021C43CC1A00671501 /* TableViewCell.swift in Sources */,
				1D766DD51C3EC17400CFAD3D /* FirstViewController.swift in Sources */,
				FD71F8AD1C46B277004BCD67 /* TabViewController.swift in Sources */,
				FDA55BC81C45669300C9BE74 /* SpinLoading.swift in Sources */,
			);
			runOnlyForDeploymentPostprocessing = 0;
		};
		1D766DE11C3EC17400CFAD3D /* Sources */ = {
			isa = PBXSourcesBuildPhase;
			buildActionMask = 2147483647;
			files = (
				1D766DEA1C3EC17400CFAD3D /* WrabbleTests.swift in Sources */,
			);
			runOnlyForDeploymentPostprocessing = 0;
		};
		1D766DEC1C3EC17400CFAD3D /* Sources */ = {
			isa = PBXSourcesBuildPhase;
			buildActionMask = 2147483647;
			files = (
				1D766DF51C3EC17400CFAD3D /* WrabbleUITests.swift in Sources */,
			);
			runOnlyForDeploymentPostprocessing = 0;
		};
/* End PBXSourcesBuildPhase section */

/* Begin PBXTargetDependency section */
		1D766DE71C3EC17400CFAD3D /* PBXTargetDependency */ = {
			isa = PBXTargetDependency;
			target = 1D766DCE1C3EC17400CFAD3D /* Wrabble */;
			targetProxy = 1D766DE61C3EC17400CFAD3D /* PBXContainerItemProxy */;
		};
		1D766DF21C3EC17400CFAD3D /* PBXTargetDependency */ = {
			isa = PBXTargetDependency;
			target = 1D766DCE1C3EC17400CFAD3D /* Wrabble */;
			targetProxy = 1D766DF11C3EC17400CFAD3D /* PBXContainerItemProxy */;
		};
/* End PBXTargetDependency section */

/* Begin PBXVariantGroup section */
		1D766DDD1C3EC17400CFAD3D /* LaunchScreen.storyboard */ = {
			isa = PBXVariantGroup;
			children = (
				1D766DDE1C3EC17400CFAD3D /* Base */,
			);
			name = LaunchScreen.storyboard;
			sourceTree = "<group>";
		};
/* End PBXVariantGroup section */

/* Begin XCBuildConfiguration section */
		1D766DF71C3EC17400CFAD3D /* Debug */ = {
			isa = XCBuildConfiguration;
			buildSettings = {
				ALWAYS_SEARCH_USER_PATHS = NO;
				CLANG_CXX_LANGUAGE_STANDARD = "gnu++0x";
				CLANG_CXX_LIBRARY = "libc++";
				CLANG_ENABLE_MODULES = YES;
				CLANG_ENABLE_OBJC_ARC = YES;
				CLANG_WARN_BOOL_CONVERSION = YES;
				CLANG_WARN_CONSTANT_CONVERSION = YES;
				CLANG_WARN_DIRECT_OBJC_ISA_USAGE = YES_ERROR;
				CLANG_WARN_EMPTY_BODY = YES;
				CLANG_WARN_ENUM_CONVERSION = YES;
				CLANG_WARN_INT_CONVERSION = YES;
				CLANG_WARN_OBJC_ROOT_CLASS = YES_ERROR;
				CLANG_WARN_UNREACHABLE_CODE = YES;
				CLANG_WARN__DUPLICATE_METHOD_MATCH = YES;
				"CODE_SIGN_IDENTITY[sdk=iphoneos*]" = "iPhone Developer";
				COPY_PHASE_STRIP = NO;
				DEBUG_INFORMATION_FORMAT = dwarf;
				ENABLE_STRICT_OBJC_MSGSEND = YES;
				ENABLE_TESTABILITY = YES;
				GCC_C_LANGUAGE_STANDARD = gnu99;
				GCC_DYNAMIC_NO_PIC = NO;
				GCC_NO_COMMON_BLOCKS = YES;
				GCC_OPTIMIZATION_LEVEL = 0;
				GCC_PREPROCESSOR_DEFINITIONS = (
					"DEBUG=1",
					"$(inherited)",
				);
				GCC_WARN_64_TO_32_BIT_CONVERSION = YES;
				GCC_WARN_ABOUT_RETURN_TYPE = YES_ERROR;
				GCC_WARN_UNDECLARED_SELECTOR = YES;
				GCC_WARN_UNINITIALIZED_AUTOS = YES_AGGRESSIVE;
				GCC_WARN_UNUSED_FUNCTION = YES;
				GCC_WARN_UNUSED_VARIABLE = YES;
				IPHONEOS_DEPLOYMENT_TARGET = 9.2;
				MTL_ENABLE_DEBUG_INFO = YES;
				ONLY_ACTIVE_ARCH = YES;
				SDKROOT = iphoneos;
				SWIFT_OPTIMIZATION_LEVEL = "-Onone";
			};
			name = Debug;
		};
		1D766DF81C3EC17400CFAD3D /* Release */ = {
			isa = XCBuildConfiguration;
			buildSettings = {
				ALWAYS_SEARCH_USER_PATHS = NO;
				CLANG_CXX_LANGUAGE_STANDARD = "gnu++0x";
				CLANG_CXX_LIBRARY = "libc++";
				CLANG_ENABLE_MODULES = YES;
				CLANG_ENABLE_OBJC_ARC = YES;
				CLANG_WARN_BOOL_CONVERSION = YES;
				CLANG_WARN_CONSTANT_CONVERSION = YES;
				CLANG_WARN_DIRECT_OBJC_ISA_USAGE = YES_ERROR;
				CLANG_WARN_EMPTY_BODY = YES;
				CLANG_WARN_ENUM_CONVERSION = YES;
				CLANG_WARN_INT_CONVERSION = YES;
				CLANG_WARN_OBJC_ROOT_CLASS = YES_ERROR;
				CLANG_WARN_UNREACHABLE_CODE = YES;
				CLANG_WARN__DUPLICATE_METHOD_MATCH = YES;
				"CODE_SIGN_IDENTITY[sdk=iphoneos*]" = "iPhone Developer";
				COPY_PHASE_STRIP = NO;
				DEBUG_INFORMATION_FORMAT = "dwarf-with-dsym";
				ENABLE_NS_ASSERTIONS = NO;
				ENABLE_STRICT_OBJC_MSGSEND = YES;
				GCC_C_LANGUAGE_STANDARD = gnu99;
				GCC_NO_COMMON_BLOCKS = YES;
				GCC_WARN_64_TO_32_BIT_CONVERSION = YES;
				GCC_WARN_ABOUT_RETURN_TYPE = YES_ERROR;
				GCC_WARN_UNDECLARED_SELECTOR = YES;
				GCC_WARN_UNINITIALIZED_AUTOS = YES_AGGRESSIVE;
				GCC_WARN_UNUSED_FUNCTION = YES;
				GCC_WARN_UNUSED_VARIABLE = YES;
				IPHONEOS_DEPLOYMENT_TARGET = 9.2;
				MTL_ENABLE_DEBUG_INFO = NO;
				SDKROOT = iphoneos;
				VALIDATE_PRODUCT = YES;
			};
			name = Release;
		};
		1D766DFA1C3EC17400CFAD3D /* Debug */ = {
			isa = XCBuildConfiguration;
			baseConfigurationReference = 664B52BAB258DF84DD97304D /* Pods-Wrabble.debug.xcconfig */;
			buildSettings = {
				ASSETCATALOG_COMPILER_APPICON_NAME = AppIcon;
				CLANG_ENABLE_MODULES = YES;
				INFOPLIST_FILE = Wrabble/Info.plist;
				IPHONEOS_DEPLOYMENT_TARGET = 9.1;
				LD_RUNPATH_SEARCH_PATHS = "$(inherited) @executable_path/Frameworks";
				PRODUCT_BUNDLE_IDENTIFIER = com.Wrable.Wrabble;
				PRODUCT_NAME = "$(TARGET_NAME)";
				SWIFT_OBJC_BRIDGING_HEADER = "Wrabble/Wrabble-Bridging-Header.h";
				SWIFT_OPTIMIZATION_LEVEL = "-Onone";
				TARGETED_DEVICE_FAMILY = "1,2";
			};
			name = Debug;
		};
		1D766DFB1C3EC17400CFAD3D /* Release */ = {
			isa = XCBuildConfiguration;
			baseConfigurationReference = 67467AF47E3788DDF38312E2 /* Pods-Wrabble.release.xcconfig */;
			buildSettings = {
				ASSETCATALOG_COMPILER_APPICON_NAME = AppIcon;
				CLANG_ENABLE_MODULES = YES;
				INFOPLIST_FILE = Wrabble/Info.plist;
				IPHONEOS_DEPLOYMENT_TARGET = 9.1;
				LD_RUNPATH_SEARCH_PATHS = "$(inherited) @executable_path/Frameworks";
				PRODUCT_BUNDLE_IDENTIFIER = com.Wrable.Wrabble;
				PRODUCT_NAME = "$(TARGET_NAME)";
				SWIFT_OBJC_BRIDGING_HEADER = "Wrabble/Wrabble-Bridging-Header.h";
				TARGETED_DEVICE_FAMILY = "1,2";
			};
			name = Release;
		};
		1D766DFD1C3EC17400CFAD3D /* Debug */ = {
			isa = XCBuildConfiguration;
			buildSettings = {
				BUNDLE_LOADER = "$(TEST_HOST)";
				INFOPLIST_FILE = WrabbleTests/Info.plist;
				LD_RUNPATH_SEARCH_PATHS = "$(inherited) @executable_path/Frameworks @loader_path/Frameworks";
				PRODUCT_BUNDLE_IDENTIFIER = com.Wrable.WrabbleTests;
				PRODUCT_NAME = "$(TARGET_NAME)";
				TEST_HOST = "$(BUILT_PRODUCTS_DIR)/Wrabble.app/Wrabble";
			};
			name = Debug;
		};
		1D766DFE1C3EC17400CFAD3D /* Release */ = {
			isa = XCBuildConfiguration;
			buildSettings = {
				BUNDLE_LOADER = "$(TEST_HOST)";
				INFOPLIST_FILE = WrabbleTests/Info.plist;
				LD_RUNPATH_SEARCH_PATHS = "$(inherited) @executable_path/Frameworks @loader_path/Frameworks";
				PRODUCT_BUNDLE_IDENTIFIER = com.Wrable.WrabbleTests;
				PRODUCT_NAME = "$(TARGET_NAME)";
				TEST_HOST = "$(BUILT_PRODUCTS_DIR)/Wrabble.app/Wrabble";
			};
			name = Release;
		};
		1D766E001C3EC17400CFAD3D /* Debug */ = {
			isa = XCBuildConfiguration;
			buildSettings = {
				INFOPLIST_FILE = WrabbleUITests/Info.plist;
				LD_RUNPATH_SEARCH_PATHS = "$(inherited) @executable_path/Frameworks @loader_path/Frameworks";
				PRODUCT_BUNDLE_IDENTIFIER = com.Wrable.WrabbleUITests;
				PRODUCT_NAME = "$(TARGET_NAME)";
				TEST_TARGET_NAME = Wrabble;
				USES_XCTRUNNER = YES;
			};
			name = Debug;
		};
		1D766E011C3EC17400CFAD3D /* Release */ = {
			isa = XCBuildConfiguration;
			buildSettings = {
				INFOPLIST_FILE = WrabbleUITests/Info.plist;
				LD_RUNPATH_SEARCH_PATHS = "$(inherited) @executable_path/Frameworks @loader_path/Frameworks";
				PRODUCT_BUNDLE_IDENTIFIER = com.Wrable.WrabbleUITests;
				PRODUCT_NAME = "$(TARGET_NAME)";
				TEST_TARGET_NAME = Wrabble;
				USES_XCTRUNNER = YES;
			};
			name = Release;
		};
/* End XCBuildConfiguration section */

/* Begin XCConfigurationList section */
		1D766DCA1C3EC17400CFAD3D /* Build configuration list for PBXProject "Wrabble" */ = {
			isa = XCConfigurationList;
			buildConfigurations = (
				1D766DF71C3EC17400CFAD3D /* Debug */,
				1D766DF81C3EC17400CFAD3D /* Release */,
			);
			defaultConfigurationIsVisible = 0;
			defaultConfigurationName = Release;
		};
		1D766DF91C3EC17400CFAD3D /* Build configuration list for PBXNativeTarget "Wrabble" */ = {
			isa = XCConfigurationList;
			buildConfigurations = (
				1D766DFA1C3EC17400CFAD3D /* Debug */,
				1D766DFB1C3EC17400CFAD3D /* Release */,
			);
			defaultConfigurationIsVisible = 0;
			defaultConfigurationName = Release;
		};
		1D766DFC1C3EC17400CFAD3D /* Build configuration list for PBXNativeTarget "WrabbleTests" */ = {
			isa = XCConfigurationList;
			buildConfigurations = (
				1D766DFD1C3EC17400CFAD3D /* Debug */,
				1D766DFE1C3EC17400CFAD3D /* Release */,
			);
			defaultConfigurationIsVisible = 0;
			defaultConfigurationName = Release;
		};
		1D766DFF1C3EC17400CFAD3D /* Build configuration list for PBXNativeTarget "WrabbleUITests" */ = {
			isa = XCConfigurationList;
			buildConfigurations = (
				1D766E001C3EC17400CFAD3D /* Debug */,
				1D766E011C3EC17400CFAD3D /* Release */,
			);
			defaultConfigurationIsVisible = 0;
			defaultConfigurationName = Release;
		};
/* End XCConfigurationList section */
	};
	rootObject = 1D766DC71C3EC17400CFAD3D /* Project object */;
}
